{
  "name": "transform",
  "version": "1.0.0",
  "lockfileVersion": 1,
  "requires": true,
  "dependencies": {
    "lodash": {
      "version": "4.17.21",
      "resolved": "https://registry.npmjs.org/lodash/-/lodash-4.17.21.tgz",
      "integrity": "sha512-v2kDEe57lecTulaDIuNTPy3Ry4gLGJ6Z1O3vE1krgXZNrsQ+LFTGHVxVjcXPs17LhbZVGedAJv8XZ1tvj5FvSg=="
    },
    "moment": {
      "version": "2.24.0",
      "resolved": "https://registry.npmjs.org/moment/-/moment-2.24.0.tgz",
      "integrity": "sha512-bV7f+6l2QigeBBZSM/6yTNq4P2fNpSWj/0e7jQcy87A8e7o2nAfP/34/2ky5Vw4B9S446EtIhodAzkFCcR4dQg=="
    },
    "node-json-transform": {
      "version": "1.0.20",
      "resolved": "https://registry.npmjs.org/node-json-transform/-/node-json-transform-1.0.20.tgz",
      "integrity": "sha512-Hho+IRCy8G00+CWE1v2QOI5uUh1ZBw7fJE7+6x6qjOovSaG/RTFgtyU+2qWd+fKbk/YuvE+7L0XpYLckZuHbWA==",
      "requires": {
        "lodash": "^4.17.4"
      }
    }
  }
}
