{
  "name": "transform",
  "version": "1.0.0",
  "lockfileVersion": 1,
  "requires": true,
  "dependencies": {
    "fs": {
      "version": "0.0.1-security",
      "resolved": "https://registry.npmjs.org/fs/-/fs-0.0.1-security.tgz",
      "integrity": "sha1-invTcYa23d84E/I4WLV+yq9eQdQ="
    },
    "lodash": {
      "version": "4.17.15",
      "resolved": "https://registry.npmjs.org/lodash/-/lodash-4.17.15.tgz",
      "integrity": "sha512-8xOcRHvCjnocdS5cpwXQXVzmmh5e5+saE2QGoeQmbKmRS6J3VQppPOIt0MnmE+4xlZoumy0GPG0D0MVIQbNA1A=="
    },
    "node-json-transform": {
      "version": "1.0.20",
      "resolved": "https://registry.npmjs.org/node-json-transform/-/node-json-transform-1.0.20.tgz",
      "integrity": "sha512-Hho+IRCy8G00+CWE1v2QOI5uUh1ZBw7fJE7+6x6qjOovSaG/RTFgtyU+2qWd+fKbk/YuvE+7L0XpYLckZuHbWA==",
      "requires": {
        "lodash": "^4.17.4"
      }
    }
  }
}
